
Microsoft Visual Studio Solution File, Format Version 12.00
# Visual Studio Version 16
VisualStudioVersion = 16.0.29519.181
MinimumVisualStudioVersion = 10.0.40219.1
Project("{9A19103F-16F7-4668-BE54-9A1E7A4F7556}") = "Api", "Api\Api.csproj", "{CC8ADC00-8B23-4B4C-B383-A0A491EA14EF}"
EndProject
Project("{9A19103F-16F7-4668-BE54-9A1E7A4F7556}") = "Quiplogs.Core", "Api.Core\Quiplogs.Core.csproj", "{2E69039C-D00C-4689-8ED4-1ADB7623AE8F}"
EndProject
Project("{9A19103F-16F7-4668-BE54-9A1E7A4F7556}") = "Quiplogs.Infrastructure", "Api.Infrastructure\Quiplogs.Infrastructure.csproj", "{074243F2-75FF-4CAB-BDE6-99ACB6D9389E}"
EndProject
Project("{9A19103F-16F7-4668-BE54-9A1E7A4F7556}") = "Quiplogs.Assets", "Quiplogs.Assets\Quiplogs.Assets.csproj", "{49A38A12-2DCA-4076-9ABF-602A5964B246}"
EndProject
Project("{9A19103F-16F7-4668-BE54-9A1E7A4F7556}") = "Quiplogs.Inventory", "Quiplogs.Inventory\Quiplogs.Inventory.csproj", "{C6189958-7D77-4A16-B775-0EBCE85AB264}"
EndProject
Project("{9A19103F-16F7-4668-BE54-9A1E7A4F7556}") = "Quiplogs.WorkOrder", "Quiplogs.WorkOrder\Quiplogs.WorkOrder.csproj", "{FF541C6B-91A1-4F8E-A88F-A75EE5C4F91B}"
EndProject
Project("{9A19103F-16F7-4668-BE54-9A1E7A4F7556}") = "Quiplogs.BlobStorage", "Quiplogs.BlobStorage\Quiplogs.BlobStorage.csproj", "{31FECFB5-DCD0-4DEF-9B29-267AF55BC39E}"
EndProject
Project("{9A19103F-16F7-4668-BE54-9A1E7A4F7556}") = "Quiplogs.Dashboard", "Quiplogs.Dashboard\Quiplogs.Dashboard.csproj", "{99A01CBF-A817-4ED2-9077-94A2F9891E67}"
EndProject
Project("{9A19103F-16F7-4668-BE54-9A1E7A4F7556}") = "Quiplogs.Schedules", "Quiplogs.Schedules\Quiplogs.Schedules.csproj", "{CA2A38DB-BA20-4B32-A665-AF59A77A4722}"
EndProject
Project("{9A19103F-16F7-4668-BE54-9A1E7A4F7556}") = "Quiplogs.PlannedMaintenance", "Quiplogs.PlannedMaintenance\Quiplogs.PlannedMaintenance.csproj", "{48740F60-4B79-4E90-9E1D-DBB6E0EB9643}"
EndProject
Project("{FAE04EC0-301F-11D3-BF4B-00C04F79EFBC}") = "Quiplogs.Notifications", "Quiplogs.Notifications\Quiplogs.Notifications.csproj", "{E3F72B52-90A2-41F8-94EA-48B1E86ADEF4}"
EndProject
Global
	GlobalSection(SolutionConfigurationPlatforms) = preSolution
		Debug|Any CPU = Debug|Any CPU
		Release|Any CPU = Release|Any CPU
	EndGlobalSection
	GlobalSection(ProjectConfigurationPlatforms) = postSolution
		{CC8ADC00-8B23-4B4C-B383-A0A491EA14EF}.Debug|Any CPU.ActiveCfg = Debug|Any CPU
		{CC8ADC00-8B23-4B4C-B383-A0A491EA14EF}.Debug|Any CPU.Build.0 = Debug|Any CPU
		{CC8ADC00-8B23-4B4C-B383-A0A491EA14EF}.Release|Any CPU.ActiveCfg = Release|Any CPU
		{CC8ADC00-8B23-4B4C-B383-A0A491EA14EF}.Release|Any CPU.Build.0 = Release|Any CPU
		{2E69039C-D00C-4689-8ED4-1ADB7623AE8F}.Debug|Any CPU.ActiveCfg = Debug|Any CPU
		{2E69039C-D00C-4689-8ED4-1ADB7623AE8F}.Debug|Any CPU.Build.0 = Debug|Any CPU
		{2E69039C-D00C-4689-8ED4-1ADB7623AE8F}.Release|Any CPU.ActiveCfg = Release|Any CPU
		{2E69039C-D00C-4689-8ED4-1ADB7623AE8F}.Release|Any CPU.Build.0 = Release|Any CPU
		{074243F2-75FF-4CAB-BDE6-99ACB6D9389E}.Debug|Any CPU.ActiveCfg = Debug|Any CPU
		{074243F2-75FF-4CAB-BDE6-99ACB6D9389E}.Debug|Any CPU.Build.0 = Debug|Any CPU
		{074243F2-75FF-4CAB-BDE6-99ACB6D9389E}.Release|Any CPU.ActiveCfg = Release|Any CPU
		{074243F2-75FF-4CAB-BDE6-99ACB6D9389E}.Release|Any CPU.Build.0 = Release|Any CPU
		{49A38A12-2DCA-4076-9ABF-602A5964B246}.Debug|Any CPU.ActiveCfg = Debug|Any CPU
		{49A38A12-2DCA-4076-9ABF-602A5964B246}.Debug|Any CPU.Build.0 = Debug|Any CPU
		{49A38A12-2DCA-4076-9ABF-602A5964B246}.Release|Any CPU.ActiveCfg = Release|Any CPU
		{49A38A12-2DCA-4076-9ABF-602A5964B246}.Release|Any CPU.Build.0 = Release|Any CPU
		{C6189958-7D77-4A16-B775-0EBCE85AB264}.Debug|Any CPU.ActiveCfg = Debug|Any CPU
		{C6189958-7D77-4A16-B775-0EBCE85AB264}.Debug|Any CPU.Build.0 = Debug|Any CPU
		{C6189958-7D77-4A16-B775-0EBCE85AB264}.Release|Any CPU.ActiveCfg = Release|Any CPU
		{C6189958-7D77-4A16-B775-0EBCE85AB264}.Release|Any CPU.Build.0 = Release|Any CPU
		{FF541C6B-91A1-4F8E-A88F-A75EE5C4F91B}.Debug|Any CPU.ActiveCfg = Debug|Any CPU
		{FF541C6B-91A1-4F8E-A88F-A75EE5C4F91B}.Debug|Any CPU.Build.0 = Debug|Any CPU
		{FF541C6B-91A1-4F8E-A88F-A75EE5C4F91B}.Release|Any CPU.ActiveCfg = Release|Any CPU
		{FF541C6B-91A1-4F8E-A88F-A75EE5C4F91B}.Release|Any CPU.Build.0 = Release|Any CPU
		{31FECFB5-DCD0-4DEF-9B29-267AF55BC39E}.Debug|Any CPU.ActiveCfg = Debug|Any CPU
		{31FECFB5-DCD0-4DEF-9B29-267AF55BC39E}.Debug|Any CPU.Build.0 = Debug|Any CPU
		{31FECFB5-DCD0-4DEF-9B29-267AF55BC39E}.Release|Any CPU.ActiveCfg = Release|Any CPU
		{31FECFB5-DCD0-4DEF-9B29-267AF55BC39E}.Release|Any CPU.Build.0 = Release|Any CPU
		{99A01CBF-A817-4ED2-9077-94A2F9891E67}.Debug|Any CPU.ActiveCfg = Debug|Any CPU
		{99A01CBF-A817-4ED2-9077-94A2F9891E67}.Debug|Any CPU.Build.0 = Debug|Any CPU
		{99A01CBF-A817-4ED2-9077-94A2F9891E67}.Release|Any CPU.ActiveCfg = Release|Any CPU
		{99A01CBF-A817-4ED2-9077-94A2F9891E67}.Release|Any CPU.Build.0 = Release|Any CPU
		{CA2A38DB-BA20-4B32-A665-AF59A77A4722}.Debug|Any CPU.ActiveCfg = Debug|Any CPU
		{CA2A38DB-BA20-4B32-A665-AF59A77A4722}.Debug|Any CPU.Build.0 = Debug|Any CPU
		{CA2A38DB-BA20-4B32-A665-AF59A77A4722}.Release|Any CPU.ActiveCfg = Release|Any CPU
		{CA2A38DB-BA20-4B32-A665-AF59A77A4722}.Release|Any CPU.Build.0 = Release|Any CPU
		{48740F60-4B79-4E90-9E1D-DBB6E0EB9643}.Debug|Any CPU.ActiveCfg = Debug|Any CPU
		{48740F60-4B79-4E90-9E1D-DBB6E0EB9643}.Debug|Any CPU.Build.0 = Debug|Any CPU
		{48740F60-4B79-4E90-9E1D-DBB6E0EB9643}.Release|Any CPU.ActiveCfg = Release|Any CPU
		{48740F60-4B79-4E90-9E1D-DBB6E0EB9643}.Release|Any CPU.Build.0 = Release|Any CPU
		{E3F72B52-90A2-41F8-94EA-48B1E86ADEF4}.Debug|Any CPU.ActiveCfg = Debug|Any CPU
		{E3F72B52-90A2-41F8-94EA-48B1E86ADEF4}.Debug|Any CPU.Build.0 = Debug|Any CPU
		{E3F72B52-90A2-41F8-94EA-48B1E86ADEF4}.Release|Any CPU.ActiveCfg = Release|Any CPU
		{E3F72B52-90A2-41F8-94EA-48B1E86ADEF4}.Release|Any CPU.Build.0 = Release|Any CPU
	EndGlobalSection
	GlobalSection(SolutionProperties) = preSolution
		HideSolutionNode = FALSE
	EndGlobalSection
	GlobalSection(ExtensibilityGlobals) = postSolution
		SolutionGuid = {69ACF060-49D7-4C0B-86D9-B2F11C39D809}
	EndGlobalSection
EndGlobal
